
Microsoft Visual Studio Solution File, Format Version 12.00
# Visual Studio Version 17
VisualStudioVersion = 17.9.34902.65
MinimumVisualStudioVersion = 10.0.40219.1
Project("{8BC9CEB8-8B4A-11D0-8D11-00A0C91BC942}") = "WinSearchStoreServer", "WinSearchStoreServer\WinSearchStoreServer.vcxproj", "{683A03D8-A301-4FB9-B0AD-0353DB84E1E7}"
EndProject
Project("{8BC9CEB8-8B4A-11D0-8D11-00A0C91BC942}") = "UnitTestServer", "UnitTestServer\UnitTestServer.vcxproj", "{6F30A9D6-99F0-4F95-A5FF-2064A75B1A55}"
	ProjectSection(ProjectDependencies) = postProject
		{683A03D8-A301-4FB9-B0AD-0353DB84E1E7} = {683A03D8-A301-4FB9-B0AD-0353DB84E1E7}
	EndProjectSection
EndProject
Global
	GlobalSection(SolutionConfigurationPlatforms) = preSolution
		Debug|x64 = Debug|x64
		Debug|x86 = Debug|x86
		Release|x64 = Release|x64
		Release|x86 = Release|x86
	EndGlobalSection
	GlobalSection(ProjectConfigurationPlatforms) = postSolution
		{683A03D8-A301-4FB9-B0AD-0353DB84E1E7}.Debug|x64.ActiveCfg = Debug|x64
		{683A03D8-A301-4FB9-B0AD-0353DB84E1E7}.Debug|x64.Build.0 = Debug|x64
		{683A03D8-A301-4FB9-B0AD-0353DB84E1E7}.Debug|x86.ActiveCfg = Debug|Win32
		{683A03D8-A301-4FB9-B0AD-0353DB84E1E7}.Debug|x86.Build.0 = Debug|Win32
		{683A03D8-A301-4FB9-B0AD-0353DB84E1E7}.Release|x64.ActiveCfg = Release|x64
		{683A03D8-A301-4FB9-B0AD-0353DB84E1E7}.Release|x64.Build.0 = Release|x64
		{683A03D8-A301-4FB9-B0AD-0353DB84E1E7}.Release|x86.ActiveCfg = Release|Win32
		{683A03D8-A301-4FB9-B0AD-0353DB84E1E7}.Release|x86.Build.0 = Release|Win32
		{6F30A9D6-99F0-4F95-A5FF-2064A75B1A55}.Debug|x64.ActiveCfg = Debug|x64
		{6F30A9D6-99F0-4F95-A5FF-2064A75B1A55}.Debug|x64.Build.0 = Debug|x64
		{6F30A9D6-99F0-4F95-A5FF-2064A75B1A55}.Debug|x86.ActiveCfg = Debug|Win32
		{6F30A9D6-99F0-4F95-A5FF-2064A75B1A55}.Debug|x86.Build.0 = Debug|Win32
		{6F30A9D6-99F0-4F95-A5FF-2064A75B1A55}.Release|x64.ActiveCfg = Release|x64
		{6F30A9D6-99F0-4F95-A5FF-2064A75B1A55}.Release|x64.Build.0 = Release|x64
		{6F30A9D6-99F0-4F95-A5FF-2064A75B1A55}.Release|x86.ActiveCfg = Release|Win32
		{6F30A9D6-99F0-4F95-A5FF-2064A75B1A55}.Release|x86.Build.0 = Release|Win32
	EndGlobalSection
	GlobalSection(SolutionProperties) = preSolution
		HideSolutionNode = FALSE
	EndGlobalSection
	GlobalSection(ExtensibilityGlobals) = postSolution
		SolutionGuid = {C2B0F490-8769-416E-B980-F9B8702FB34D}
	EndGlobalSection
EndGlobal
